
Microsoft Visual Studio Solution File, Format Version 12.00
# Visual Studio 15
VisualStudioVersion = 15.0.28307.539
MinimumVisualStudioVersion = 10.0.40219.1
Project("{9A19103F-16F7-4668-BE54-9A1E7A4F7556}") = "Billing", "Billing\Billing.csproj", "{774F6B1E-E0C5-4508-AA58-E3C5D417496C}"
EndProject
Project("{9A19103F-16F7-4668-BE54-9A1E7A4F7556}") = "ClientUI", "ClientUI\ClientUI.csproj", "{91D17D57-1130-4C7E-8ED8-5A8AB15B0601}"
EndProject
Project("{9A19103F-16F7-4668-BE54-9A1E7A4F7556}") = "Sales", "Sales\Sales.csproj", "{35A34BBC-105F-4B97-8BC6-6A48A3DBF76C}"
EndProject
Project("{9A19103F-16F7-4668-BE54-9A1E7A4F7556}") = "Shipping", "Shipping\Shipping.csproj", "{F80E5495-E383-4916-82B2-8FFEA7ED5A7E}"
EndProject
Project("{9A19103F-16F7-4668-BE54-9A1E7A4F7556}") = "Messages", "..\..\Common\Messages\Messages.csproj", "{6F01B68F-968A-4B89-8F9D-CD2A595EE3A9}"
EndProject
Global
	GlobalSection(SolutionConfigurationPlatforms) = preSolution
		Debug|Any CPU = Debug|Any CPU
		Release|Any CPU = Release|Any CPU
	EndGlobalSection
	GlobalSection(ProjectConfigurationPlatforms) = postSolution
		{774F6B1E-E0C5-4508-AA58-E3C5D417496C}.Debug|Any CPU.ActiveCfg = Debug|Any CPU
		{774F6B1E-E0C5-4508-AA58-E3C5D417496C}.Debug|Any CPU.Build.0 = Debug|Any CPU
		{774F6B1E-E0C5-4508-AA58-E3C5D417496C}.Release|Any CPU.ActiveCfg = Release|Any CPU
		{774F6B1E-E0C5-4508-AA58-E3C5D417496C}.Release|Any CPU.Build.0 = Release|Any CPU
		{91D17D57-1130-4C7E-8ED8-5A8AB15B0601}.Debug|Any CPU.ActiveCfg = Debug|Any CPU
		{91D17D57-1130-4C7E-8ED8-5A8AB15B0601}.Debug|Any CPU.Build.0 = Debug|Any CPU
		{91D17D57-1130-4C7E-8ED8-5A8AB15B0601}.Release|Any CPU.ActiveCfg = Release|Any CPU
		{91D17D57-1130-4C7E-8ED8-5A8AB15B0601}.Release|Any CPU.Build.0 = Release|Any CPU
		{35A34BBC-105F-4B97-8BC6-6A48A3DBF76C}.Debug|Any CPU.ActiveCfg = Debug|Any CPU
		{35A34BBC-105F-4B97-8BC6-6A48A3DBF76C}.Debug|Any CPU.Build.0 = Debug|Any CPU
		{35A34BBC-105F-4B97-8BC6-6A48A3DBF76C}.Release|Any CPU.ActiveCfg = Release|Any CPU
		{35A34BBC-105F-4B97-8BC6-6A48A3DBF76C}.Release|Any CPU.Build.0 = Release|Any CPU
		{F80E5495-E383-4916-82B2-8FFEA7ED5A7E}.Debug|Any CPU.ActiveCfg = Debug|Any CPU
		{F80E5495-E383-4916-82B2-8FFEA7ED5A7E}.Debug|Any CPU.Build.0 = Debug|Any CPU
		{F80E5495-E383-4916-82B2-8FFEA7ED5A7E}.Release|Any CPU.ActiveCfg = Release|Any CPU
		{F80E5495-E383-4916-82B2-8FFEA7ED5A7E}.Release|Any CPU.Build.0 = Release|Any CPU
		{6F01B68F-968A-4B89-8F9D-CD2A595EE3A9}.Debug|Any CPU.ActiveCfg = Debug|Any CPU
		{6F01B68F-968A-4B89-8F9D-CD2A595EE3A9}.Debug|Any CPU.Build.0 = Debug|Any CPU
		{6F01B68F-968A-4B89-8F9D-CD2A595EE3A9}.Release|Any CPU.ActiveCfg = Release|Any CPU
		{6F01B68F-968A-4B89-8F9D-CD2A595EE3A9}.Release|Any CPU.Build.0 = Release|Any CPU
	EndGlobalSection
	GlobalSection(SolutionProperties) = preSolution
		HideSolutionNode = FALSE
	EndGlobalSection
	GlobalSection(ExtensibilityGlobals) = postSolution
		SolutionGuid = {0E32530F-DDCC-4EE0-9E5F-45589A99700E}
	EndGlobalSection
EndGlobal
