
Microsoft Visual Studio Solution File, Format Version 12.00
# Visual Studio 15
VisualStudioVersion = 15.0.28307.539
MinimumVisualStudioVersion = 10.0.40219.1
Project("{9A19103F-16F7-4668-BE54-9A1E7A4F7556}") = "ClientUI", "ClientUI\ClientUI.csproj", "{47F38876-7BAD-413D-92F4-90472AB17E6A}"
EndProject
Project("{9A19103F-16F7-4668-BE54-9A1E7A4F7556}") = "Messages", "..\Common\Messages\Messages.csproj", "{52C99D3F-011E-4C76-A0C9-9FB72D45EB0F}"
EndProject
Global
	GlobalSection(SolutionConfigurationPlatforms) = preSolution
		Debug|Any CPU = Debug|Any CPU
		Release|Any CPU = Release|Any CPU
	EndGlobalSection
	GlobalSection(ProjectConfigurationPlatforms) = postSolution
		{47F38876-7BAD-413D-92F4-90472AB17E6A}.Debug|Any CPU.ActiveCfg = Debug|Any CPU
		{47F38876-7BAD-413D-92F4-90472AB17E6A}.Debug|Any CPU.Build.0 = Debug|Any CPU
		{47F38876-7BAD-413D-92F4-90472AB17E6A}.Release|Any CPU.ActiveCfg = Release|Any CPU
		{47F38876-7BAD-413D-92F4-90472AB17E6A}.Release|Any CPU.Build.0 = Release|Any CPU
		{52C99D3F-011E-4C76-A0C9-9FB72D45EB0F}.Debug|Any CPU.ActiveCfg = Debug|Any CPU
		{52C99D3F-011E-4C76-A0C9-9FB72D45EB0F}.Debug|Any CPU.Build.0 = Debug|Any CPU
		{52C99D3F-011E-4C76-A0C9-9FB72D45EB0F}.Release|Any CPU.ActiveCfg = Release|Any CPU
		{52C99D3F-011E-4C76-A0C9-9FB72D45EB0F}.Release|Any CPU.Build.0 = Release|Any CPU
	EndGlobalSection
	GlobalSection(SolutionProperties) = preSolution
		HideSolutionNode = FALSE
	EndGlobalSection
	GlobalSection(ExtensibilityGlobals) = postSolution
		SolutionGuid = {946B0408-552F-4C4B-A7AE-246B740011D0}
	EndGlobalSection
EndGlobal
