
Microsoft Visual Studio Solution File, Format Version 12.00
# Visual Studio 15
VisualStudioVersion = 15.0.28307.539
MinimumVisualStudioVersion = 10.0.40219.1
Project("{9A19103F-16F7-4668-BE54-9A1E7A4F7556}") = "Billing", "Billing\Billing.csproj", "{C48C6AA9-1DD6-4A63-9FE9-6E0A568BDF8C}"
EndProject
Project("{9A19103F-16F7-4668-BE54-9A1E7A4F7556}") = "ClientUI", "ClientUI\ClientUI.csproj", "{B5CFDABE-AF82-4BE2-95E1-F963731FDA98}"
EndProject
Project("{9A19103F-16F7-4668-BE54-9A1E7A4F7556}") = "Sales", "Sales\Sales.csproj", "{746A071F-90F8-4044-ADA9-DC3E15D19E5D}"
EndProject
Project("{9A19103F-16F7-4668-BE54-9A1E7A4F7556}") = "Shipping", "Shipping\Shipping.csproj", "{C29A41F2-3B8F-468F-86FF-BFE13ADC261C}"
EndProject
Project("{9A19103F-16F7-4668-BE54-9A1E7A4F7556}") = "Messages", "..\..\Common\Messages\Messages.csproj", "{3DBDE7CF-F07D-4979-9ADC-18458F0BEC1B}"
EndProject
Global
	GlobalSection(SolutionConfigurationPlatforms) = preSolution
		Debug|Any CPU = Debug|Any CPU
		Release|Any CPU = Release|Any CPU
	EndGlobalSection
	GlobalSection(ProjectConfigurationPlatforms) = postSolution
		{C48C6AA9-1DD6-4A63-9FE9-6E0A568BDF8C}.Debug|Any CPU.ActiveCfg = Debug|Any CPU
		{C48C6AA9-1DD6-4A63-9FE9-6E0A568BDF8C}.Debug|Any CPU.Build.0 = Debug|Any CPU
		{C48C6AA9-1DD6-4A63-9FE9-6E0A568BDF8C}.Release|Any CPU.ActiveCfg = Release|Any CPU
		{C48C6AA9-1DD6-4A63-9FE9-6E0A568BDF8C}.Release|Any CPU.Build.0 = Release|Any CPU
		{B5CFDABE-AF82-4BE2-95E1-F963731FDA98}.Debug|Any CPU.ActiveCfg = Debug|Any CPU
		{B5CFDABE-AF82-4BE2-95E1-F963731FDA98}.Debug|Any CPU.Build.0 = Debug|Any CPU
		{B5CFDABE-AF82-4BE2-95E1-F963731FDA98}.Release|Any CPU.ActiveCfg = Release|Any CPU
		{B5CFDABE-AF82-4BE2-95E1-F963731FDA98}.Release|Any CPU.Build.0 = Release|Any CPU
		{746A071F-90F8-4044-ADA9-DC3E15D19E5D}.Debug|Any CPU.ActiveCfg = Debug|Any CPU
		{746A071F-90F8-4044-ADA9-DC3E15D19E5D}.Debug|Any CPU.Build.0 = Debug|Any CPU
		{746A071F-90F8-4044-ADA9-DC3E15D19E5D}.Release|Any CPU.ActiveCfg = Release|Any CPU
		{746A071F-90F8-4044-ADA9-DC3E15D19E5D}.Release|Any CPU.Build.0 = Release|Any CPU
		{C29A41F2-3B8F-468F-86FF-BFE13ADC261C}.Debug|Any CPU.ActiveCfg = Debug|Any CPU
		{C29A41F2-3B8F-468F-86FF-BFE13ADC261C}.Debug|Any CPU.Build.0 = Debug|Any CPU
		{C29A41F2-3B8F-468F-86FF-BFE13ADC261C}.Release|Any CPU.ActiveCfg = Release|Any CPU
		{C29A41F2-3B8F-468F-86FF-BFE13ADC261C}.Release|Any CPU.Build.0 = Release|Any CPU
		{3DBDE7CF-F07D-4979-9ADC-18458F0BEC1B}.Debug|Any CPU.ActiveCfg = Debug|Any CPU
		{3DBDE7CF-F07D-4979-9ADC-18458F0BEC1B}.Debug|Any CPU.Build.0 = Debug|Any CPU
		{3DBDE7CF-F07D-4979-9ADC-18458F0BEC1B}.Release|Any CPU.ActiveCfg = Release|Any CPU
		{3DBDE7CF-F07D-4979-9ADC-18458F0BEC1B}.Release|Any CPU.Build.0 = Release|Any CPU
	EndGlobalSection
	GlobalSection(SolutionProperties) = preSolution
		HideSolutionNode = FALSE
	EndGlobalSection
	GlobalSection(ExtensibilityGlobals) = postSolution
		SolutionGuid = {E105D7F6-59A9-4ED6-BAB9-B77E93524FA8}
	EndGlobalSection
EndGlobal
